lockfileVersion: '9.0'

settings:
  autoInstallPeers: true
  excludeLinksFromLockfile: false

importers:

  .:
    dependencies:
      simple-statistics:
        specifier: ^7.8.0
        version: 7.8.9
    devDependencies:
      esbuild:
        specifier: latest
        version: 0.28.0
      jstat:
        specifier: ^1.9.6
        version: 1.9.6
      pkgroll:
        specifier: ^2
        version: 2.27.1(typescript@6.0.3)
      technicalindicators:
        specifier: ^3.1.0
        version: 3.1.0
      tsx:
        specifier: ^4
        version: 4.22.4
      typescript:
        specifier: ^6
        version: 6.0.3
    optionalDependencies:
      '@types/node':
        specifier: latest
        version: 25.9.1

packages:

  '@esbuild/aix-ppc64@0.26.0':
    resolution: {integrity: sha512-hj0sKNCQOOo2fgyII3clmJXP28VhgDfU5iy3GNHlWO76KG6N7x4D9ezH5lJtQTG+1J6MFDAJXC1qsI+W+LvZoA==}
    engines: {node: '>=18'}
    cpu: [ppc64]
    os: [aix]

  '@esbuild/aix-ppc64@0.28.0':
    resolution: {integrity: sha512-lhRUCeuOyJQURhTxl4WkpFTjIsbDayJHih5kZC1giwE+MhIzAb7mEsQMqMf18rHLsrb5qI1tafG20mLxEWcWlA==}
    engines: {node: '>=18'}
    cpu: [ppc64]
    os: [aix]

  '@esbuild/android-arm64@0.26.0':
    resolution: {integrity: sha512-DDnoJ5eoa13L8zPh87PUlRd/IyFaIKOlRbxiwcSbeumcJ7UZKdtuMCHa1Q27LWQggug6W4m28i4/O2qiQQ5NZQ==}
    engines: {node: '>=18'}
    cpu: [arm64]
    os: [android]

  '@esbuild/android-arm64@0.28.0':
    resolution: {integrity: sha512-+WzIXQOSaGs33tLEgYPYe/yQHf0WTU0X42Jca3y8NWMbUVhp7rUnw+vAsRC/QiDrdD31IszMrZy+qwPOPjd+rw==}
    engines: {node: '>=18'}
    cpu: [arm64]
    os: [android]

  '@esbuild/android-arm@0.26.0':
    resolution: {integrity: sha512-C0hkDsYNHZkBtPxxDx177JN90/1MiCpvBNjz1f5yWJo1+5+c5zr8apjastpEG+wtPjo9FFtGG7owSsAxyKiHxA==}
    engines: {node: '>=18'}
    cpu: [arm]
    os: [android]

  '@esbuild/android-arm@0.28.0':
    resolution: {integrity: sha512-wqh0ByljabXLKHeWXYLqoJ5jKC4XBaw6Hk08OfMrCRd2nP2ZQ5eleDZC41XHyCNgktBGYMbqnrJKq/K/lzPMSQ==}
    engines: {node: '>=18'}
    cpu: [arm]
    os: [android]

  '@esbuild/android-x64@0.26.0':
    resolution: {integrity: sha512-bKDkGXGZnj0T70cRpgmv549x38Vr2O3UWLbjT2qmIkdIWcmlg8yebcFWoT9Dku7b5OV3UqPEuNKRzlNhjwUJ9A==}
    engines: {node: '>=18'}
    cpu: [x64]
    os: [android]

  '@esbuild/android-x64@0.28.0':
    resolution: {integrity: sha512-+VJggoaKhk2VNNqVL7f6S189UzShHC/mR9EE8rDdSkdpN0KflSwWY/gWjDrNxxisg8Fp1ZCD9jLMo4m0OUfeUA==}
    engines: {node: '>=18'}
    cpu: [x64]
    os: [android]

  '@esbuild/darwin-arm64@0.26.0':
    resolution: {integrity: sha512-6Z3naJgOuAIB0RLlJkYc81An3rTlQ/IeRdrU3dOea8h/PvZSgitZV+thNuIccw0MuK1GmIAnAmd5TrMZad8FTQ==}
    engines: {node: '>=18'}
    cpu: [arm64]
    os: [darwin]

  '@esbuild/darwin-arm64@0.28.0':
    resolution: {integrity: sha512-0T+A9WZm+bZ84nZBtk1ckYsOvyA3x7e2Acj1KdVfV4/2tdG4fzUp91YHx+GArWLtwqp77pBXVCPn2We7Letr0Q==}
    engines: {node: '>=18'}
    cpu: [arm64]
    os: [darwin]

  '@esbuild/darwin-x64@0.26.0':
    resolution: {integrity: sha512-OPnYj0zpYW0tHusMefyaMvNYQX5pNQuSsHFTHUBNp3vVXupwqpxofcjVsUx11CQhGVkGeXjC3WLjh91hgBG2xw==}
    engines: {node: '>=18'}
    cpu: [x64]
    os: [darwin]

  '@esbuild/darwin-x64@0.28.0':
    resolution: {integrity: sha512-fyzLm/DLDl/84OCfp2f/XQ4flmORsjU7VKt8HLjvIXChJoFFOIL6pLJPH4Yhd1n1gGFF9mPwtlN5Wf82DZs+LQ==}
    engines: {node: '>=18'}
    cpu: [x64]
    os: [darwin]

  '@esbuild/freebsd-arm64@0.26.0':
    resolution: {integrity: sha512-jix2fa6GQeZhO1sCKNaNMjfj5hbOvoL2F5t+w6gEPxALumkpOV/wq7oUBMHBn2hY2dOm+mEV/K+xfZy3mrsxNQ==}
    engines: {node: '>=18'}
    cpu: [arm64]
    os: [freebsd]

  '@esbuild/freebsd-arm64@0.28.0':
    resolution: {integrity: sha512-l9GeW5UZBT9k9brBYI+0WDffcRxgHQD8ShN2Ur4xWq/NFzUKm3k5lsH4PdaRgb2w7mI9u61nr2gI2mLI27Nh3Q==}
    engines: {node: '>=18'}
    cpu: [arm64]
    os: [freebsd]

  '@esbuild/freebsd-x64@0.26.0':
    resolution: {integrity: sha512-tccJaH5xHJD/239LjbVvJwf6T4kSzbk6wPFerF0uwWlkw/u7HL+wnAzAH5GB2irGhYemDgiNTp8wJzhAHQ64oA==}
    engines: {node: '>=18'}
    cpu: [x64]
    os: [freebsd]

  '@esbuild/freebsd-x64@0.28.0':
    resolution: {integrity: sha512-BXoQai/A0wPO6Es3yFJ7APCiKGc1tdAEOgeTNy3SsB491S3aHn4S4r3e976eUnPdU+NbdtmBuLncYir2tMU9Nw==}
    engines: {node: '>=18'}
    cpu: [x64]
    os: [freebsd]

  '@esbuild/linux-arm64@0.26.0':
    resolution: {integrity: sha512-IMJYN7FSkLttYyTbsbme0Ra14cBO5z47kpamo16IwggzzATFY2lcZAwkbcNkWiAduKrTgFJP7fW5cBI7FzcuNQ==}
    engines: {node: '>=18'}
    cpu: [arm64]
    os: [linux]

  '@esbuild/linux-arm64@0.28.0':
    resolution: {integrity: sha512-RVyzfb3FWsGA55n6WY0MEIEPURL1FcbhFE6BffZEMEekfCzCIMtB5yyDcFnVbTnwk+CLAgTujmV/Lgvih56W+A==}
    engines: {node: '>=18'}
    cpu: [arm64]
    os: [linux]

  '@esbuild/linux-arm@0.26.0':
    resolution: {integrity: sha512-JY8NyU31SyRmRpuc5W8PQarAx4TvuYbyxbPIpHAZdr/0g4iBr8KwQBS4kiiamGl2f42BBecHusYCsyxi7Kn8UQ==}
    engines: {node: '>=18'}
    cpu: [arm]
    os: [linux]

  '@esbuild/linux-arm@0.28.0':
    resolution: {integrity: sha512-CjaaREJagqJp7iTaNQjjidaNbCKYcd4IDkzbwwxtSvjI7NZm79qiHc8HqciMddQ6CKvJT6aBd8lO9kN/ZudLlw==}
    engines: {node: '>=18'}
    cpu: [arm]
    os: [linux]

  '@esbuild/linux-ia32@0.26.0':
    resolution: {integrity: sha512-XITaGqGVLgk8WOHw8We9Z1L0lbLFip8LyQzKYFKO4zFo1PFaaSKsbNjvkb7O8kEXytmSGRkYpE8LLVpPJpsSlw==}
    engines: {node: '>=18'}
    cpu: [ia32]
    os: [linux]

  '@esbuild/linux-ia32@0.28.0':
    resolution: {integrity: sha512-KBnSTt1kxl9x70q+ydterVdl+Cn0H18ngRMRCEQfrbqdUuntQQ0LoMZv47uB97NljZFzY6HcfqEZ2SAyIUTQBQ==}
    engines: {node: '>=18'}
    cpu: [ia32]
    os: [linux]

  '@esbuild/linux-loong64@0.26.0':
    resolution: {integrity: sha512-MkggfbDIczStUJwq9wU7gQ7kO33d8j9lWuOCDifN9t47+PeI+9m2QVh51EI/zZQ1spZtFMC1nzBJ+qNGCjJnsg==}
    engines: {node: '>=18'}
    cpu: [loong64]
    os: [linux]

  '@esbuild/linux-loong64@0.28.0':
    resolution: {integrity: sha512-zpSlUce1mnxzgBADvxKXX5sl8aYQHo2ezvMNI8I0lbblJtp8V4odlm3Yzlj7gPyt3T8ReksE6bK+pT3WD+aJRg==}
    engines: {node: '>=18'}
    cpu: [loong64]
    os: [linux]

  '@esbuild/linux-mips64el@0.26.0':
    resolution: {integrity: sha512-fUYup12HZWAeccNLhQ5HwNBPr4zXCPgUWzEq2Rfw7UwqwfQrFZ0SR/JljaURR8xIh9t+o1lNUFTECUTmaP7yKA==}
    engines: {node: '>=18'}
    cpu: [mips64el]
    os: [linux]

  '@esbuild/linux-mips64el@0.28.0':
    resolution: {integrity: sha512-2jIfP6mmjkdmeTlsX/9vmdmhBmKADrWqN7zcdtHIeNSCH1SqIoNI63cYsjQR8J+wGa4Y5izRcSHSm8K3QWmk3w==}
    engines: {node: '>=18'}
    cpu: [mips64el]
    os: [linux]

  '@esbuild/linux-ppc64@0.26.0':
    resolution: {integrity: sha512-MzRKhM0Ip+//VYwC8tialCiwUQ4G65WfALtJEFyU0GKJzfTYoPBw5XNWf0SLbCUYQbxTKamlVwPmcw4DgZzFxg==}
    engines: {node: '>=18'}
    cpu: [ppc64]
    os: [linux]

  '@esbuild/linux-ppc64@0.28.0':
    resolution: {integrity: sha512-bc0FE9wWeC0WBm49IQMPSPILRocGTQt3j5KPCA8os6VprfuJ7KD+5PzESSrJ6GmPIPJK965ZJHTUlSA6GNYEhg==}
    engines: {node: '>=18'}
    cpu: [ppc64]
    os: [linux]

  '@esbuild/linux-riscv64@0.26.0':
    resolution: {integrity: sha512-QhCc32CwI1I4Jrg1enCv292sm3YJprW8WHHlyxJhae/dVs+KRWkbvz2Nynl5HmZDW/m9ZxrXayHzjzVNvQMGQA==}
    engines: {node: '>=18'}
    cpu: [riscv64]
    os: [linux]

  '@esbuild/linux-riscv64@0.28.0':
    resolution: {integrity: sha512-SQPZOwoTTT/HXFXQJG/vBX8sOFagGqvZyXcgLA3NhIqcBv1BJU1d46c0rGcrij2B56Z2rNiSLaZOYW5cUk7yLQ==}
    engines: {node: '>=18'}
    cpu: [riscv64]
    os: [linux]

  '@esbuild/linux-s390x@0.26.0':
    resolution: {integrity: sha512-1D6vi6lfI18aNT1aTf2HV+RIlm6fxtlAp8eOJ4mmnbYmZ4boz8zYDar86sIYNh0wmiLJEbW/EocaKAX6Yso2fw==}
    engines: {node: '>=18'}
    cpu: [s390x]
    os: [linux]

  '@esbuild/linux-s390x@0.28.0':
    resolution: {integrity: sha512-SCfR0HN8CEEjnYnySJTd2cw0k9OHB/YFzt5zgJEwa+wL/T/raGWYMBqwDNAC6dqFKmJYZoQBRfHjgwLHGSrn3Q==}
    engines: {node: '>=18'}
    cpu: [s390x]
    os: [linux]

  '@esbuild/linux-x64@0.26.0':
    resolution: {integrity: sha512-rnDcepj7LjrKFvZkx+WrBv6wECeYACcFjdNPvVPojCPJD8nHpb3pv3AuR9CXgdnjH1O23btICj0rsp0L9wAnHA==}
    engines: {node: '>=18'}
    cpu: [x64]
    os: [linux]

  '@esbuild/linux-x64@0.28.0':
    resolution: {integrity: sha512-us0dSb9iFxIi8srnpl931Nvs65it/Jd2a2K3qs7fz2WfGPHqzfzZTfec7oxZJRNPXPnNYZtanmRc4AL/JwVzHQ==}
    engines: {node: '>=18'}
    cpu: [x64]
    os: [linux]

  '@esbuild/netbsd-arm64@0.26.0':
    resolution: {integrity: sha512-FSWmgGp0mDNjEXXFcsf12BmVrb+sZBBBlyh3LwB/B9ac3Kkc8x5D2WimYW9N7SUkolui8JzVnVlWh7ZmjCpnxw==}
    engines: {node: '>=18'}
    cpu: [arm64]
    os: [netbsd]

  '@esbuild/netbsd-arm64@0.28.0':
    resolution: {integrity: sha512-CR/RYotgtCKwtftMwJlUU7xCVNg3lMYZ0RzTmAHSfLCXw3NtZtNpswLEj/Kkf6kEL3Gw+BpOekRX0BYCtklhUw==}
    engines: {node: '>=18'}
    cpu: [arm64]
    os: [netbsd]

  '@esbuild/netbsd-x64@0.26.0':
    resolution: {integrity: sha512-0QfciUDFryD39QoSPUDshj4uNEjQhp73+3pbSAaxjV2qGOEDsM67P7KbJq7LzHoVl46oqhIhJ1S+skKGR7lMXA==}
    engines: {node: '>=18'}
    cpu: [x64]
    os: [netbsd]

  '@esbuild/netbsd-x64@0.28.0':
    resolution: {integrity: sha512-nU1yhmYutL+fQ71Kxnhg8uEOdC0pwEW9entHykTgEbna2pw2dkbFSMeqjjyHZoCmt8SBkOSvV+yNmm94aUrrqw==}
    engines: {node: '>=18'}
    cpu: [x64]
    os: [netbsd]

  '@esbuild/openbsd-arm64@0.26.0':
    resolution: {integrity: sha512-vmAK+nHhIZWImwJ3RNw9hX3fU4UGN/OqbSE0imqljNbUQC3GvVJ1jpwYoTfD6mmXmQaxdJY6Hn4jQbLGJKg5Yw==}
    engines: {node: '>=18'}
    cpu: [arm64]
    os: [openbsd]

  '@esbuild/openbsd-arm64@0.28.0':
    resolution: {integrity: sha512-cXb5vApOsRsxsEl4mcZ1XY3D4DzcoMxR/nnc4IyqYs0rTI8ZKmW6kyyg+11Z8yvgMfAEldKzP7AdP64HnSC/6g==}
    engines: {node: '>=18'}
    cpu: [arm64]
    os: [openbsd]

  '@esbuild/openbsd-x64@0.26.0':
    resolution: {integrity: sha512-GPXF7RMkJ7o9bTyUsnyNtrFMqgM3X+uM/LWw4CeHIjqc32fm0Ir6jKDnWHpj8xHFstgWDUYseSABK9KCkHGnpg==}
    engines: {node: '>=18'}
    cpu: [x64]
    os: [openbsd]

  '@esbuild/openbsd-x64@0.28.0':
    resolution: {integrity: sha512-8wZM2qqtv9UP3mzy7HiGYNH/zjTA355mpeuA+859TyR+e+Tc08IHYpLJuMsfpDJwoLo1ikIJI8jC3GFjnRClzA==}
    engines: {node: '>=18'}
    cpu: [x64]
    os: [openbsd]

  '@esbuild/openharmony-arm64@0.26.0':
    resolution: {integrity: sha512-nUHZ5jEYqbBthbiBksbmHTlbb5eElyVfs/s1iHQ8rLBq1eWsd5maOnDpCocw1OM8kFK747d1Xms8dXJHtduxSw==}
    engines: {node: '>=18'}
    cpu: [arm64]
    os: [openharmony]

  '@esbuild/openharmony-arm64@0.28.0':
    resolution: {integrity: sha512-FLGfyizszcef5C3YtoyQDACyg95+dndv79i2EekILBofh5wpCa1KuBqOWKrEHZg3zrL3t5ouE5jgr94vA+Wb2w==}
    engines: {node: '>=18'}
    cpu: [arm64]
    os: [openharmony]

  '@esbuild/sunos-x64@0.26.0':
    resolution: {integrity: sha512-TMg3KCTCYYaVO+R6P5mSORhcNDDlemUVnUbb8QkboUtOhb5JWKAzd5uMIMECJQOxHZ/R+N8HHtDF5ylzLfMiLw==}
    engines: {node: '>=18'}
    cpu: [x64]
    os: [sunos]

  '@esbuild/sunos-x64@0.28.0':
    resolution: {integrity: sha512-1ZgjUoEdHZZl/YlV76TSCz9Hqj9h9YmMGAgAPYd+q4SicWNX3G5GCyx9uhQWSLcbvPW8Ni7lj4gDa1T40akdlw==}
    engines: {node: '>=18'}
    cpu: [x64]
    os: [sunos]

  '@esbuild/win32-arm64@0.26.0':
    resolution: {integrity: sha512-apqYgoAUd6ZCb9Phcs8zN32q6l0ZQzQBdVXOofa6WvHDlSOhwCWgSfVQabGViThS40Y1NA4SCvQickgZMFZRlA==}
    engines: {node: '>=18'}
    cpu: [arm64]
    os: [win32]

  '@esbuild/win32-arm64@0.28.0':
    resolution: {integrity: sha512-Q9StnDmQ/enxnpxCCLSg0oo4+34B9TdXpuyPeTedN/6+iXBJ4J+zwfQI28u/Jl40nOYAxGoNi7mFP40RUtkmUA==}
    engines: {node: '>=18'}
    cpu: [arm64]
    os: [win32]

  '@esbuild/win32-ia32@0.26.0':
    resolution: {integrity: sha512-FGJAcImbJNZzLWu7U6WB0iKHl4RuY4TsXEwxJPl9UZLS47agIZuILZEX3Pagfw7I4J3ddflomt9f0apfaJSbaw==}
    engines: {node: '>=18'}
    cpu: [ia32]
    os: [win32]

  '@esbuild/win32-ia32@0.28.0':
    resolution: {integrity: sha512-zF3ag/gfiCe6U2iczcRzSYJKH1DCI+ByzSENHlM2FcDbEeo5Zd2C86Aq0tKUYAJJ1obRP84ymxIAksZUcdztHA==}
    engines: {node: '>=18'}
    cpu: [ia32]
    os: [win32]

  '@esbuild/win32-x64@0.26.0':
    resolution: {integrity: sha512-WAckBKaVnmFqbEhbymrPK7M086DQMpL1XoRbpmN0iW8k5JSXjDRQBhcZNa0VweItknLq9eAeCL34jK7/CDcw7A==}
    engines: {node: '>=18'}
    cpu: [x64]
    os: [win32]

  '@esbuild/win32-x64@0.28.0':
    resolution: {integrity: sha512-pEl1bO9mfAmIC+tW5btTmrKaujg3zGtUmWNdCw/xs70FBjwAL3o9OEKNHvNmnyylD6ubxUERiEhdsL0xBQ9efw==}
    engines: {node: '>=18'}
    cpu: [x64]
    os: [win32]

  '@jridgewell/sourcemap-codec@1.5.5':
    resolution: {integrity: sha512-cYQ9310grqxueWbl+WuIUIaiUaDcj7WOq5fVhEljNVgRfOUhY9fy2zTvfoqWsnebh8Sl70VScFbICvJnLKB0Og==}

  '@nodelib/fs.scandir@2.1.5':
    resolution: {integrity: sha512-vq24Bq3ym5HEQm2NKCr3yXDwjc7vTsEThRDnkp2DK9p1uqLR+DHurm/NOTo0KG7HYHU7eppKZj3MyqYuMBf62g==}
    engines: {node: '>= 8'}

  '@nodelib/fs.stat@2.0.5':
    resolution: {integrity: sha512-RkhPPp2zrqDAQA/2jNhnztcPAlv64XdhIp7a7454A5ovI7Bukxgt7MX7udwAu3zg1DcpPU0rz3VV1SeaqvY4+A==}
    engines: {node: '>= 8'}

  '@nodelib/fs.walk@1.2.8':
    resolution: {integrity: sha512-oGB+UxlgWcgQkgwo8GcEGwemoTFt3FIO9ababBmaGwXIoBKZ+GTy0pP185beGg7Llih/NSHSV2XAs1lnznocSg==}
    engines: {node: '>= 8'}

  '@rollup/plugin-alias@6.0.0':
    resolution: {integrity: sha512-tPCzJOtS7uuVZd+xPhoy5W4vThe6KWXNmsFCNktaAh5RTqcLiSfT4huPQIXkgJ6YCOjJHvecOAzQxLFhPxKr+g==}
    engines: {node: '>=20.19.0'}
    peerDependencies:
      rollup: '>=4.0.0'
    peerDependenciesMeta:
      rollup:
        optional: true

  '@rollup/plugin-commonjs@29.0.3':
    resolution: {integrity: sha512-ZaOxZceP7SOUW7Lqw5IRVweSQYWaeIPnXIGLiB690EBA3FGJTO40EEr2L5yZplJWsgTCogILRSpcAe7+U0Otdg==}
    engines: {node: '>=16.0.0 || 14 >= 14.17'}
    peerDependencies:
      rollup: ^2.68.0||^3.0.0||^4.0.0
    peerDependenciesMeta:
      rollup:
        optional: true

  '@rollup/plugin-dynamic-import-vars@2.1.5':
    resolution: {integrity: sha512-Mymi24fd9hlRifdZV/jYIFj1dn99F34imiYu3KzlAcgBcRi3i9SucgW/VRo5SQ9K4NuQ7dCep6pFWgNyhRdFHQ==}
    engines: {node: '>=14.0.0'}
    peerDependencies:
      rollup: ^1.20.0||^2.0.0||^3.0.0||^4.0.0
    peerDependenciesMeta:
      rollup:
        optional: true

  '@rollup/plugin-json@6.1.0':
    resolution: {integrity: sha512-EGI2te5ENk1coGeADSIwZ7G2Q8CJS2sF120T7jLw4xFw9n7wIOXHo+kIYRAoVpJAN+kmqZSoO3Fp4JtoNF4ReA==}
    engines: {node: '>=14.0.0'}
    peerDependencies:
      rollup: ^1.20.0||^2.0.0||^3.0.0||^4.0.0
    peerDependenciesMeta:
      rollup:
        optional: true

  '@rollup/plugin-node-resolve@16.0.3':
    resolution: {integrity: sha512-lUYM3UBGuM93CnMPG1YocWu7X802BrNF3jW2zny5gQyLQgRFJhV1Sq0Zi74+dh/6NBx1DxFC4b4GXg9wUCG5Qg==}
    engines: {node: '>=14.0.0'}
    peerDependencies:
      rollup: ^2.78.0||^3.0.0||^4.0.0
    peerDependenciesMeta:
      rollup:
        optional: true

  '@rollup/pluginutils@5.4.0':
    resolution: {integrity: sha512-MfPp06CjRLfXQ3wY0R8vJDYBy/MvVcc9OulEfR0B8Iv9ko+GCNaRZ+EpJYFl27LhKsZK0o420sYCRHCjfCgeUg==}
    engines: {node: '>=14.0.0'}
    peerDependencies:
      rollup: ^1.20.0||^2.0.0||^3.0.0||^4.0.0
    peerDependenciesMeta:
      rollup:
        optional: true

  '@rollup/rollup-android-arm-eabi@4.61.0':
    resolution: {integrity: sha512-dnxczajOqt0gesZlN5pGQ1s1imQVrsmCw5G2Ci4oM+0WvNz3pyRnlWrT7McoZIb8VlFwCawdmbWRmxRn7HI+VQ==}
    cpu: [arm]
    os: [android]

  '@rollup/rollup-android-arm64@4.61.0':
    resolution: {integrity: sha512-Bp3JpGP00Vu3f238ivRrjf7z3xSzVPXqCmaJYA9t2c+c8vKYvOzmXF7LkkeUalTEGd6cZcSWe+PFIP3Vy48fRg==}
    cpu: [arm64]
    os: [android]

  '@rollup/rollup-darwin-arm64@4.61.0':
    resolution: {integrity: sha512-zaYIpr670mUmmZ1tVzUFplbQbG7h3Gugx3L5FoqhsC2m/YnLlR1a7zVLmXNPy+iY1tFPEbNG+HHBXZGyId0G5w==}
    cpu: [arm64]
    os: [darwin]

  '@rollup/rollup-darwin-x64@4.61.0':
    resolution: {integrity: sha512-+P49fvkv2dSoeevUW+lgZ/I2JHSsJCK1Lyjj7Cu6E4UHG4tS9XIefzIjo5qhgELjAclnen1rLzK2PMKJdo+Dyg==}
    cpu: [x64]
    os: [darwin]

  '@rollup/rollup-freebsd-arm64@4.61.0':
    resolution: {integrity: sha512-l3FAAOyKJXH2ea6KNFN+MMgC/rnE94YGLXs2ehYqDcCoHt1DpvgWX75BhUJxN38XojP7Ul+4H8PRn7EdyqSDrw==}
    cpu: [arm64]
    os: [freebsd]

  '@rollup/rollup-freebsd-x64@4.61.0':
    resolution: {integrity: sha512-VokPN3TSctKj65cyCNPaUh4vMFA8awxOot/0sp+4J7ZlNRKQEhXhawqPwajoi8H5ZFt61i0ugZJuTKXBjGJ17Q==}
    cpu: [x64]
    os: [freebsd]

  '@rollup/rollup-linux-arm-gnueabihf@4.61.0':
    resolution: {integrity: sha512-DxH0P3wxm+Yzs/p3zrk9dw1rURu8p0Nv5+MRK/L7OtnLNg5rLZraSBFZ8iUXOd9f2BlhJyEpIZUH/emjq4UJ4g==}
    cpu: [arm]
    os: [linux]
    libc: [glibc]

  '@rollup/rollup-linux-arm-musleabihf@4.61.0':
    resolution: {integrity: sha512-T6ZvMNe84kAz6TBWHC7hGAoEtzP1LWYw/AqayGWEF6uISt3Abk/st06LqRD9THd7Xz3NxzurUpzAuEAUbZf+nw==}
    cpu: [arm]
    os: [linux]
    libc: [musl]

  '@rollup/rollup-linux-arm64-gnu@4.61.0':
    resolution: {integrity: sha512-q/4hzvQkDs8b4jIBab1pnLiiM0ayTZsN2amBFPDzuyZxjEd4wDwx0UJFYM3cOZzSf5Kw8fnWSprJzIBMkcR44Q==}
    cpu: [arm64]
    os: [linux]
    libc: [glibc]

  '@rollup/rollup-linux-arm64-musl@4.61.0':
    resolution: {integrity: sha512-vvYWX3akdEAY6km+9wAqFDnk6pQsbJKVnj7xawcvs/+fdlYBGp+U+Qq/lLfpIxYIZvZLHMAKD9HLdacSx/r3dw==}
    cpu: [arm64]
    os: [linux]
    libc: [musl]

  '@rollup/rollup-linux-loong64-gnu@4.61.0':
    resolution: {integrity: sha512-DePa5cqOxDP/Zp0VOXpeWaGew5iIv5DXp9NYbzkX5PFQyWVX9184WCTh3hvr/7lhXo8ZVlbFLkz8+o/q1dU6gA==}
    cpu: [loong64]
    os: [linux]
    libc: [glibc]

  '@rollup/rollup-linux-loong64-musl@4.61.0':
    resolution: {integrity: sha512-LV8aWMB8UChglMCEzs7RkN0GsH29RJaLLqwm9fCIjlqwxQTiWAqNcc7wjBkH31hV0PU/yVxGYvrYsgfea2qw6g==}
    cpu: [loong64]
    os: [linux]
    libc: [musl]

  '@rollup/rollup-linux-ppc64-gnu@4.61.0':
    resolution: {integrity: sha512-QoNSnwQtaeNu5grdBbsL0tt1uyl5EnS8DA8Mr3nluMXbhdQNyhN+G4tBax7VCdxLKj8YJ0/4OO9Ho84jMnJtKA==}
    cpu: [ppc64]
    os: [linux]
    libc: [glibc]

  '@rollup/rollup-linux-ppc64-musl@4.61.0':
    resolution: {integrity: sha512-/zZp5MKapIIApE8trN8qLGNSiRN9TUoaUZ1cmVu4XnVdd5LQLOXTtyi+vtfUbNnT3iyjzpPqYeKXmvJ+gJGYWw==}
    cpu: [ppc64]
    os: [linux]
    libc: [musl]

  '@rollup/rollup-linux-riscv64-gnu@4.61.0':
    resolution: {integrity: sha512-RbrzcD3aJ1k3UbtMRRBNwojdVVyXjuVAFTfn/xPa6EEl6GE9Sm/akPgFTb9aAC9pMKGJ6CtWxaGrqWcabH+ySg==}
    cpu: [riscv64]
    os: [linux]
    libc: [glibc]

  '@rollup/rollup-linux-riscv64-musl@4.61.0':
    resolution: {integrity: sha512-ZF+onDsBso8PJf1XaG9lB+O9RnBpKGnY6OrzC4CSHrtC1jb6jWLTKK4bRqdoCXHd22gyr2hiYmEAm8Wns/BOCw==}
    cpu: [riscv64]
    os: [linux]
    libc: [musl]

  '@rollup/rollup-linux-s390x-gnu@4.61.0':
    resolution: {integrity: sha512-Atk0aSIk5Zx2Wuh9dgRQgLP0Koc8hOeYpbWryMXyk8G8/HmPkwPPkMqIIDhrXHHYqfUzSJA/I7IWSBv8xSmRBA==}
    cpu: [s390x]
    os: [linux]
    libc: [glibc]

  '@rollup/rollup-linux-x64-gnu@4.61.0':
    resolution: {integrity: sha512-0uMOcf3eZ5K+K4cYHkdxShFMPlPXCOdfDFEFn9dNYAEEd2cVvmOfH7zFgRVoDgmtQ1m9k5q7qfrHzyMAubKYUA==}
    cpu: [x64]
    os: [linux]
    libc: [glibc]

  '@rollup/rollup-linux-x64-musl@4.61.0':
    resolution: {integrity: sha512-mvFtE4A/t/7hRJ7X8Ozmu8FsIkAUat2nzl12pgU337BRmq87AQUJztwHz2Zv5/tjo9/C95E66CK03SI/ToEDJw==}
    cpu: [x64]
    os: [linux]
    libc: [musl]

  '@rollup/rollup-openbsd-x64@4.61.0':
    resolution: {integrity: sha512-z9b9+aTxvt8n2rNltMPvyaUfB8NJ+CVyOrGK/MdIKHx7B+lXmZpm/XbRsU7Rpf3fRqJ2uS6mBJiJveCtq8LHDg==}
    cpu: [x64]
    os: [openbsd]

  '@rollup/rollup-openharmony-arm64@4.61.0':
    resolution: {integrity: sha512-jXaXFqKMehsOc+g8R6oo33RRC6w07G9jDBxAE5eAKX7mOcCbZloYIPNhfG9Wl+P9O9IWHFO4OJgPi1Ml2qkt7w==}
    cpu: [arm64]
    os: [openharmony]

  '@rollup/rollup-win32-arm64-msvc@4.61.0':
    resolution: {integrity: sha512-OXNWVFocS2IA4+QplhTZZ2a+8hPZR7T8KuozsNmJKK8y7cp83StHvGksfHzPG3wczWTczyWHVQuqeiTUbjiyBg==}
    cpu: [arm64]
    os: [win32]

  '@rollup/rollup-win32-ia32-msvc@4.61.0':
    resolution: {integrity: sha512-AlAbNtBO637LxSldqV43z0FfXoGfl2TW1DgAg/bs7aQswFbDewz2SJm3BUhiGfbOVtW571xbc9p+REdxhyN/Eg==}
    cpu: [ia32]
    os: [win32]

  '@rollup/rollup-win32-x64-gnu@4.61.0':
    resolution: {integrity: sha512-QRSrQXyJ1M4tjNXdR0/G/IgV6lzfQQJYBjlWIEYkY2Xs86DRl/iEpQ4blMDjJxSl7n19eDKKXMg0AmuBVYy8pQ==}
    cpu: [x64]
    os: [win32]

  '@rollup/rollup-win32-x64-msvc@4.61.0':
    resolution: {integrity: sha512-tkuFxhvKO/HlGd0VsINF6vHSYH8AF8W0TcNxKDK6JZmrehngFj78pToc8iemtnvwilDjs2G/qSzYFhe9U8q+fw==}
    cpu: [x64]
    os: [win32]

  '@types/estree@1.0.9':
    resolution: {integrity: sha512-GhdPgy1el4/ImP05X05Uw4cw2/M93BCUmnEvWZNStlCzEKME4Fkk+YpoA5OiHNQmoS7Cafb8Xa3Pya8m1Qrzeg==}

  '@types/node@25.9.1':
    resolution: {integrity: sha512-xfrlY7UD5rMJk3ZVJP8BNzS28J36YJg+xp+LPXV1TdWxr8uMH5A860QNxYDGQe/ylDSgjxE52Q9VnO7p75tJxg==}

  '@types/node@6.0.96':
    resolution: {integrity: sha512-fsOOY6tMQ3jCB2wD51XFDmmpgm4wVKkJECdcVRqapbJEa7awJDcr+SaH8toz+4r4KW8YQ3M7ybXMoSDo1QGewA==}

  '@types/resolve@1.20.2':
    resolution: {integrity: sha512-60BCwRFOZCQhDncwQdxxeOEEkbc5dIMccYLwbxsS4TUNeVECQ/pBJ0j09mrHOl/JJvpRPGwO9SvE4nR2Nb/a4Q==}

  astring@1.9.0:
    resolution: {integrity: sha512-LElXdjswlqjWrPpJFg1Fx4wpkOCxj1TDHlSV4PlaRxHGWko024xICaa97ZkMfs6DRKlCguiAI+rbXv5GWwXIkg==}
    hasBin: true

  braces@3.0.3:
    resolution: {integrity: sha512-yQbXgO/OSZVD2IsiLlro+7Hf6Q18EJrKSEsdoMzKePKXct3gvD8oLcOQdIzGupr5Fj+EDe8gO/lxc1BzfMpxvA==}
    engines: {node: '>=8'}

  cjs-module-lexer@2.2.0:
    resolution: {integrity: sha512-4bHTS2YuzUvtoLjdy+98ykbNB5jS0+07EvFNXerqZQJ89F7DI6ET7OQo/HJuW6K0aVsKA9hj9/RVb2kQVOrPDQ==}

  commondir@1.0.1:
    resolution: {integrity: sha512-W9pAhw0ja1Edb5GVdIF1mjZw/ASI0AlShXM83UUGe2DVr5TdAPEA1OA8m/g8zWp9x6On7gqufY+FatDbC3MDQg==}

  deepmerge@4.3.1:
    resolution: {integrity: sha512-3sUqbMEc77XqpdNO7FRyRog+eW3ph+GYCbj+rK+uYyRMuwsVy0rMiVtPn+QJlKFvWP/1PYpapqYn0Me2knFn+A==}
    engines: {node: '>=0.10.0'}

  es-errors@1.3.0:
    resolution: {integrity: sha512-Zf5H2Kxt2xjTvbJvP2ZWLEICxA6j+hAmMzIlypy4xcBg1vKVnx89Wy0GbS+kf5cwCVFFzdCFh2XSCFNULS6csw==}
    engines: {node: '>= 0.4'}

  esbuild@0.26.0:
    resolution: {integrity: sha512-3Hq7jri+tRrVWha+ZeIVhl4qJRha/XjRNSopvTsOaCvfPHrflTYTcUFcEjMKdxofsXXsdc4zjg5NOTnL4Gl57Q==}
    engines: {node: '>=18'}
    hasBin: true

  esbuild@0.28.0:
    resolution: {integrity: sha512-sNR9MHpXSUV/XB4zmsFKN+QgVG82Cc7+/aaxJ8Adi8hyOac+EXptIp45QBPaVyX3N70664wRbTcLTOemCAnyqw==}
    engines: {node: '>=18'}
    hasBin: true

  estree-walker@0.6.1:
    resolution: {integrity: sha512-SqmZANLWS0mnatqbSfRP5g8OXZC12Fgg1IwNtLsyHDzJizORW4khDfjPqJZsemPWBB2uqykUah5YpQ6epsqC/w==}

  estree-walker@2.0.2:
    resolution: {integrity: sha512-Rfkk/Mp/DL7JVje3u18FxFujQlTNR2q6QfMSMB7AvCBx91NGj/ba3kCfza0f6dVDbw7YlRf/nDrn7pQrCCyQ/w==}

  fast-glob@3.3.3:
    resolution: {integrity: sha512-7MptL8U0cqcFdzIzwOTHoilX9x5BrNqye7Z/LuC7kCMRio1EMSyqRK3BEAUD7sXRq4iT4AzTVuZdhgQ2TCvYLg==}
    engines: {node: '>=8.6.0'}

  fastq@1.20.1:
    resolution: {integrity: sha512-GGToxJ/w1x32s/D2EKND7kTil4n8OVk/9mycTc4VDza13lOvpUZTGX3mFSCtV9ksdGBVzvsyAVLM6mHFThxXxw==}

  fdir@6.5.0:
    resolution: {integrity: sha512-tIbYtZbucOs0BRGqPJkshJUYdL+SDH7dVM8gjy+ERp3WAUjLEFJE+02kanyHtwjWOnwrKYBiwAmM0p4kLJAnXg==}
    engines: {node: '>=12.0.0'}
    peerDependencies:
      picomatch: ^3 || ^4
    peerDependenciesMeta:
      picomatch:
        optional: true

  fill-range@7.1.1:
    resolution: {integrity: sha512-YsGpe3WHLK8ZYi4tWDg2Jy3ebRz2rXowDxnld4bkQB00cc/1Zw9AWnC0i9ztDJitivtQvaI9KaLyKrc+hBW0yg==}
    engines: {node: '>=8'}

  fsevents@2.3.3:
    resolution: {integrity: sha512-5xoDfX+fL7faATnagmWPpbFtwh/R77WmMMqqHGS65C3vvB0YHrgF+B1YmZ3441tMj5n63k0212XNoJwzlhffQw==}
    engines: {node: ^8.16.0 || ^10.6.0 || >=11.0.0}
    os: [darwin]

  function-bind@1.1.2:
    resolution: {integrity: sha512-7XHNxH7qX9xG5mIwxkhumTox/MIRNcOgDrxWsMt2pAr23WHp6MrRlN7FBSFpCpr+oVO0F744iUgR82nJMfG2SA==}

  glob-parent@5.1.2:
    resolution: {integrity: sha512-AOIgSQCepiJYwP3ARnGx+5VnTu2HBYdzbGP45eLw1vr3zB3vZLeyed1sC9hnbcOc9/SrMyM5RPQrkGz4aS9Zow==}
    engines: {node: '>= 6'}

  hasown@2.0.4:
    resolution: {integrity: sha512-T2UbfbBEF32wiepXIsMlTW9+dDYC6wMh/t/vYA4tuOMKqWz/n3vr1NFSxQiyP+zk2mXsoMA/i/7qV6LKut1t1A==}
    engines: {node: '>= 0.4'}

  is-core-module@2.16.2:
    resolution: {integrity: sha512-evOr8xfXKxE6qSR0hSXL2r3sd7ALj8+7jQEUvPYcm5sgZFdJ+AYzT6yNmJenvIYQBgIGwfwz08sL8zoL7yq2BA==}
    engines: {node: '>= 0.4'}

  is-extglob@2.1.1:
    resolution: {integrity: sha512-SbKbANkN603Vi4jEZv49LeVJMn4yGwsbzZworEoyEiutsN3nJYdbO36zfhGJ6QEDpOZIFkDtnq5JRxmvl3jsoQ==}
    engines: {node: '>=0.10.0'}

  is-glob@4.0.3:
    resolution: {integrity: sha512-xelSayHH36ZgE7ZWhli7pW34hNbNl8Ojv5KVmkJD4hBdD3th8Tfk9vYasLM+mXWOZhFkgZfxhLSnrwRr4elSSg==}
    engines: {node: '>=0.10.0'}

  is-module@1.0.0:
    resolution: {integrity: sha512-51ypPSPCoTEIN9dy5Oy+h4pShgJmPCygKfyRCISBI+JoWT/2oJvK8QPxmwv7b/p239jXrm9M1mlQbyKJ5A152g==}

  is-number@7.0.0:
    resolution: {integrity: sha512-41Cifkg6e8TylSpdtTpeLVMqvSBEVzTttHvERD741+pnZ8ANv0004MRL43QKPDlK9cGvNp6NZWZUBlbGXYxxng==}
    engines: {node: '>=0.12.0'}

  is-reference@1.2.1:
    resolution: {integrity: sha512-U82MsXXiFIrjCK4otLT+o2NA2Cd2g5MLoOVXUZjIOhLurrRxpEXzI8O0KZHr3IjLvlAH1kTPYSuqer5T9ZVBKQ==}

  jstat@1.9.6:
    resolution: {integrity: sha512-rPBkJbK2TnA8pzs93QcDDPlKcrtZWuuCo2dVR0TFLOJSxhqfWOVCSp8aV3/oSbn+4uY4yw1URtLpHQedtmXfug==}

  magic-string@0.30.21:
    resolution: {integrity: sha512-vd2F4YUyEXKGcLHoq+TEyCjxueSeHnFxyyjNp80yg0XV4vUhnDer/lvvlqM/arB5bXQN5K2/3oinyCRyx8T2CQ==}

  merge2@1.4.1:
    resolution: {integrity: sha512-8q7VEgMJW4J8tcfVPy8g09NcQwZdbwFEqhe/WZkoIzjn/3TGDwtOCYtXGxA3O8tPzpczCCDgv+P2P5y00ZJOOg==}
    engines: {node: '>= 8'}

  micromatch@4.0.8:
    resolution: {integrity: sha512-PXwfBhYu0hBCPw8Dn0E+WDYb7af3dSLVWKi3HGv84IdF4TyFoC0ysxFd0Goxw7nSv4T/PzEJQxsYsEiFCKo2BA==}
    engines: {node: '>=8.6'}

  path-parse@1.0.7:
    resolution: {integrity: sha512-LDJzPVEEEPR+y48z93A0Ed0yXb8pAByGWo/k5YYdYgpY2/2EsOsksJrq7lOHxryrVOn1ejG6oAp8ahvOIQD8sw==}

  picomatch@2.3.2:
    resolution: {integrity: sha512-V7+vQEJ06Z+c5tSye8S+nHUfI51xoXIXjHQ99cQtKUkQqqO1kO/KCJUfZXuB47h/YBlDhah2H3hdUGXn8ie0oA==}
    engines: {node: '>=8.6'}

  picomatch@4.0.4:
    resolution: {integrity: sha512-QP88BAKvMam/3NxH6vj2o21R6MjxZUAd6nlwAS/pnGvN9IVLocLHxGYIzFhg6fUQ+5th6P4dv4eW9jX3DSIj7A==}
    engines: {node: '>=12'}

  pkgroll@2.27.1:
    resolution: {integrity: sha512-Iqw4Y23NRoT3juVogTwzjd8YO1jFtxUlua0biQC0E79nIBbbKRGtQp0hf7lnscF0didwyRsXFLUcyD1ekeQmIA==}
    engines: {node: '>=18'}
    hasBin: true
    peerDependencies:
      typescript: ^4.1 || ^5.0
    peerDependenciesMeta:
      typescript:
        optional: true

  queue-microtask@1.2.3:
    resolution: {integrity: sha512-NuaNSa6flKT5JaSYQzJok04JzTL1CA6aGhv5rfLW3PgqA+M2ChpZQnAC8h8i4ZFkBS8X5RqkDBHA7r4hej3K9A==}

  resolve@1.22.12:
    resolution: {integrity: sha512-TyeJ1zif53BPfHootBGwPRYT1RUt6oGWsaQr8UyZW/eAm9bKoijtvruSDEmZHm92CwS9nj7/fWttqPCgzep8CA==}
    engines: {node: '>= 0.4'}
    hasBin: true

  reusify@1.1.0:
    resolution: {integrity: sha512-g6QUff04oZpHs0eG5p83rFLhHeV00ug/Yf9nZM6fLeUrPguBTkTQOdpAWWspMh55TZfVQDPaN3NQJfbVRAxdIw==}
    engines: {iojs: '>=1.0.0', node: '>=0.10.0'}

  rollup-plugin-import-trace@1.0.1:
    resolution: {integrity: sha512-dWOKrdYba2BXDJh82kkuM4pAR3M6r7WFp6vbVxAgvLfug2WniMFAg2uZ5sNQ/8CoQWo5l2N5EXDG8+QClKk1YQ==}
    engines: {node: '>=20.20.0'}
    peerDependencies:
      rollup: ^3.0.0 || ^4.0.0
      vite: ^5.0.0 || ^6.0.0 || ^7.0.0
    peerDependenciesMeta:
      rollup:
        optional: true
      vite:
        optional: true

  rollup-pluginutils@2.8.2:
    resolution: {integrity: sha512-EEp9NhnUkwY8aif6bxgovPHMoMoNr2FulJziTndpt5H9RdwC47GSGuII9XxpSdzVGM0GWrNPHV6ie1LTNJPaLQ==}

  rollup@4.61.0:
    resolution: {integrity: sha512-T9mWdbWfQtp0B5lv/HX+wrhYsmXRlcWnXXmJbXqKJhlRaoS6KMhq0gpyzW4UJfclcxrEdLnTgjT2NjruLONu0g==}
    engines: {node: '>=18.0.0', npm: '>=8.0.0'}
    hasBin: true

  run-parallel@1.2.0:
    resolution: {integrity: sha512-5l4VyZR86LZ/lDxZTR6jqL8AFE2S0IFLMP26AbjsLVADxHdhB/c0GUsH+y39UfCi3dzz8OlQuPmnaJOMoDHQBA==}

  simple-statistics@7.8.9:
    resolution: {integrity: sha512-YT6MLqYsz7y1rQZOLFlOCCgSRpCi6bqY417yhoOLI7aVoBi29dD39EPrOE03W9DY25H0J0jizVsHZnkLzyGJFg==}

  supports-preserve-symlinks-flag@1.0.0:
    resolution: {integrity: sha512-ot0WnXS9fgdkgIcePe6RHNk1WA8+muPa6cSjeR3V8K27q9BB1rTE3R1p7Hv0z1ZyAc8s6Vvv8DIyWf681MAt0w==}
    engines: {node: '>= 0.4'}

  technicalindicators@3.1.0:
    resolution: {integrity: sha512-f16mOc+Y05hNy/of+UbGxhxQQmxUztCiluhsqC5QLUYz4WowUgKde9m6nIjK1Kay0wGHigT0IkOabpp0+22UfA==}

  to-regex-range@5.0.1:
    resolution: {integrity: sha512-65P7iz6X5yEr1cwcgvQxbbIw7Uk3gOy5dIdtZ4rDveLqhrdJP+Li/Hx6tyK0NEb+2GCyneCMJiGqrADCSNk8sQ==}
    engines: {node: '>=8.0'}

  tsx@4.22.4:
    resolution: {integrity: sha512-X8EX+XV4QR5xCsrgxaED954zTDfY8KqlDtskKEL0cHhyS/P8b4IFOvGDQpsC9Q1XnLq915wEfwwY/zzskCtmhg==}
    engines: {node: '>=18.0.0'}
    hasBin: true

  typescript@6.0.3:
    resolution: {integrity: sha512-y2TvuxSZPDyQakkFRPZHKFm+KKVqIisdg9/CZwm9ftvKXLP8NRWj38/ODjNbr43SsoXqNuAisEf1GdCxqWcdBw==}
    engines: {node: '>=14.17'}
    hasBin: true

  undici-types@7.24.6:
    resolution: {integrity: sha512-WRNW+sJgj5OBN4/0JpHFqtqzhpbnV0GuB+OozA9gCL7a993SmU+1JBZCzLNxYsbMfIeDL+lTsphD5jN5N+n0zg==}

  yaml@2.9.0:
    resolution: {integrity: sha512-2AvhNX3mb8zd6Zy7INTtSpl1F15HW6Wnqj0srWlkKLcpYl/gMIMJiyuGq2KeI2YFxUPjdlB+3Lc10seMLtL4cA==}
    engines: {node: '>= 14.6'}
    hasBin: true

snapshots:

  '@esbuild/aix-ppc64@0.26.0':
    optional: true

  '@esbuild/aix-ppc64@0.28.0':
    optional: true

  '@esbuild/android-arm64@0.26.0':
    optional: true

  '@esbuild/android-arm64@0.28.0':
    optional: true

  '@esbuild/android-arm@0.26.0':
    optional: true

  '@esbuild/android-arm@0.28.0':
    optional: true

  '@esbuild/android-x64@0.26.0':
    optional: true

  '@esbuild/android-x64@0.28.0':
    optional: true

  '@esbuild/darwin-arm64@0.26.0':
    optional: true

  '@esbuild/darwin-arm64@0.28.0':
    optional: true

  '@esbuild/darwin-x64@0.26.0':
    optional: true

  '@esbuild/darwin-x64@0.28.0':
    optional: true

  '@esbuild/freebsd-arm64@0.26.0':
    optional: true

  '@esbuild/freebsd-arm64@0.28.0':
    optional: true

  '@esbuild/freebsd-x64@0.26.0':
    optional: true

  '@esbuild/freebsd-x64@0.28.0':
    optional: true

  '@esbuild/linux-arm64@0.26.0':
    optional: true

  '@esbuild/linux-arm64@0.28.0':
    optional: true

  '@esbuild/linux-arm@0.26.0':
    optional: true

  '@esbuild/linux-arm@0.28.0':
    optional: true

  '@esbuild/linux-ia32@0.26.0':
    optional: true

  '@esbuild/linux-ia32@0.28.0':
    optional: true

  '@esbuild/linux-loong64@0.26.0':
    optional: true

  '@esbuild/linux-loong64@0.28.0':
    optional: true

  '@esbuild/linux-mips64el@0.26.0':
    optional: true

  '@esbuild/linux-mips64el@0.28.0':
    optional: true

  '@esbuild/linux-ppc64@0.26.0':
    optional: true

  '@esbuild/linux-ppc64@0.28.0':
    optional: true

  '@esbuild/linux-riscv64@0.26.0':
    optional: true

  '@esbuild/linux-riscv64@0.28.0':
    optional: true

  '@esbuild/linux-s390x@0.26.0':
    optional: true

  '@esbuild/linux-s390x@0.28.0':
    optional: true

  '@esbuild/linux-x64@0.26.0':
    optional: true

  '@esbuild/linux-x64@0.28.0':
    optional: true

  '@esbuild/netbsd-arm64@0.26.0':
    optional: true

  '@esbuild/netbsd-arm64@0.28.0':
    optional: true

  '@esbuild/netbsd-x64@0.26.0':
    optional: true

  '@esbuild/netbsd-x64@0.28.0':
    optional: true

  '@esbuild/openbsd-arm64@0.26.0':
    optional: true

  '@esbuild/openbsd-arm64@0.28.0':
    optional: true

  '@esbuild/openbsd-x64@0.26.0':
    optional: true

  '@esbuild/openbsd-x64@0.28.0':
    optional: true

  '@esbuild/openharmony-arm64@0.26.0':
    optional: true

  '@esbuild/openharmony-arm64@0.28.0':
    optional: true

  '@esbuild/sunos-x64@0.26.0':
    optional: true

  '@esbuild/sunos-x64@0.28.0':
    optional: true

  '@esbuild/win32-arm64@0.26.0':
    optional: true

  '@esbuild/win32-arm64@0.28.0':
    optional: true

  '@esbuild/win32-ia32@0.26.0':
    optional: true

  '@esbuild/win32-ia32@0.28.0':
    optional: true

  '@esbuild/win32-x64@0.26.0':
    optional: true

  '@esbuild/win32-x64@0.28.0':
    optional: true

  '@jridgewell/sourcemap-codec@1.5.5': {}

  '@nodelib/fs.scandir@2.1.5':
    dependencies:
      '@nodelib/fs.stat': 2.0.5
      run-parallel: 1.2.0

  '@nodelib/fs.stat@2.0.5': {}

  '@nodelib/fs.walk@1.2.8':
    dependencies:
      '@nodelib/fs.scandir': 2.1.5
      fastq: 1.20.1

  '@rollup/plugin-alias@6.0.0(rollup@4.61.0)':
    optionalDependencies:
      rollup: 4.61.0

  '@rollup/plugin-commonjs@29.0.3(rollup@4.61.0)':
    dependencies:
      '@rollup/pluginutils': 5.4.0(rollup@4.61.0)
      commondir: 1.0.1
      estree-walker: 2.0.2
      fdir: 6.5.0(picomatch@4.0.4)
      is-reference: 1.2.1
      magic-string: 0.30.21
      picomatch: 4.0.4
    optionalDependencies:
      rollup: 4.61.0

  '@rollup/plugin-dynamic-import-vars@2.1.5(rollup@4.61.0)':
    dependencies:
      '@rollup/pluginutils': 5.4.0(rollup@4.61.0)
      astring: 1.9.0
      estree-walker: 2.0.2
      fast-glob: 3.3.3
      magic-string: 0.30.21
    optionalDependencies:
      rollup: 4.61.0

  '@rollup/plugin-json@6.1.0(rollup@4.61.0)':
    dependencies:
      '@rollup/pluginutils': 5.4.0(rollup@4.61.0)
    optionalDependencies:
      rollup: 4.61.0

  '@rollup/plugin-node-resolve@16.0.3(rollup@4.61.0)':
    dependencies:
      '@rollup/pluginutils': 5.4.0(rollup@4.61.0)
      '@types/resolve': 1.20.2
      deepmerge: 4.3.1
      is-module: 1.0.0
      resolve: 1.22.12
    optionalDependencies:
      rollup: 4.61.0

  '@rollup/pluginutils@5.4.0(rollup@4.61.0)':
    dependencies:
      '@types/estree': 1.0.9
      estree-walker: 2.0.2
      picomatch: 4.0.4
    optionalDependencies:
      rollup: 4.61.0

  '@rollup/rollup-android-arm-eabi@4.61.0':
    optional: true

  '@rollup/rollup-android-arm64@4.61.0':
    optional: true

  '@rollup/rollup-darwin-arm64@4.61.0':
    optional: true

  '@rollup/rollup-darwin-x64@4.61.0':
    optional: true

  '@rollup/rollup-freebsd-arm64@4.61.0':
    optional: true

  '@rollup/rollup-freebsd-x64@4.61.0':
    optional: true

  '@rollup/rollup-linux-arm-gnueabihf@4.61.0':
    optional: true

  '@rollup/rollup-linux-arm-musleabihf@4.61.0':
    optional: true

  '@rollup/rollup-linux-arm64-gnu@4.61.0':
    optional: true

  '@rollup/rollup-linux-arm64-musl@4.61.0':
    optional: true

  '@rollup/rollup-linux-loong64-gnu@4.61.0':
    optional: true

  '@rollup/rollup-linux-loong64-musl@4.61.0':
    optional: true

  '@rollup/rollup-linux-ppc64-gnu@4.61.0':
    optional: true

  '@rollup/rollup-linux-ppc64-musl@4.61.0':
    optional: true

  '@rollup/rollup-linux-riscv64-gnu@4.61.0':
    optional: true

  '@rollup/rollup-linux-riscv64-musl@4.61.0':
    optional: true

  '@rollup/rollup-linux-s390x-gnu@4.61.0':
    optional: true

  '@rollup/rollup-linux-x64-gnu@4.61.0':
    optional: true

  '@rollup/rollup-linux-x64-musl@4.61.0':
    optional: true

  '@rollup/rollup-openbsd-x64@4.61.0':
    optional: true

  '@rollup/rollup-openharmony-arm64@4.61.0':
    optional: true

  '@rollup/rollup-win32-arm64-msvc@4.61.0':
    optional: true

  '@rollup/rollup-win32-ia32-msvc@4.61.0':
    optional: true

  '@rollup/rollup-win32-x64-gnu@4.61.0':
    optional: true

  '@rollup/rollup-win32-x64-msvc@4.61.0':
    optional: true

  '@types/estree@1.0.9': {}

  '@types/node@25.9.1':
    dependencies:
      undici-types: 7.24.6
    optional: true

  '@types/node@6.0.96': {}

  '@types/resolve@1.20.2': {}

  astring@1.9.0: {}

  braces@3.0.3:
    dependencies:
      fill-range: 7.1.1

  cjs-module-lexer@2.2.0: {}

  commondir@1.0.1: {}

  deepmerge@4.3.1: {}

  es-errors@1.3.0: {}

  esbuild@0.26.0:
    optionalDependencies:
      '@esbuild/aix-ppc64': 0.26.0
      '@esbuild/android-arm': 0.26.0
      '@esbuild/android-arm64': 0.26.0
      '@esbuild/android-x64': 0.26.0
      '@esbuild/darwin-arm64': 0.26.0
      '@esbuild/darwin-x64': 0.26.0
      '@esbuild/freebsd-arm64': 0.26.0
      '@esbuild/freebsd-x64': 0.26.0
      '@esbuild/linux-arm': 0.26.0
      '@esbuild/linux-arm64': 0.26.0
      '@esbuild/linux-ia32': 0.26.0
      '@esbuild/linux-loong64': 0.26.0
      '@esbuild/linux-mips64el': 0.26.0
      '@esbuild/linux-ppc64': 0.26.0
      '@esbuild/linux-riscv64': 0.26.0
      '@esbuild/linux-s390x': 0.26.0
      '@esbuild/linux-x64': 0.26.0
      '@esbuild/netbsd-arm64': 0.26.0
      '@esbuild/netbsd-x64': 0.26.0
      '@esbuild/openbsd-arm64': 0.26.0
      '@esbuild/openbsd-x64': 0.26.0
      '@esbuild/openharmony-arm64': 0.26.0
      '@esbuild/sunos-x64': 0.26.0
      '@esbuild/win32-arm64': 0.26.0
      '@esbuild/win32-ia32': 0.26.0
      '@esbuild/win32-x64': 0.26.0

  esbuild@0.28.0:
    optionalDependencies:
      '@esbuild/aix-ppc64': 0.28.0
      '@esbuild/android-arm': 0.28.0
      '@esbuild/android-arm64': 0.28.0
      '@esbuild/android-x64': 0.28.0
      '@esbuild/darwin-arm64': 0.28.0
      '@esbuild/darwin-x64': 0.28.0
      '@esbuild/freebsd-arm64': 0.28.0
      '@esbuild/freebsd-x64': 0.28.0
      '@esbuild/linux-arm': 0.28.0
      '@esbuild/linux-arm64': 0.28.0
      '@esbuild/linux-ia32': 0.28.0
      '@esbuild/linux-loong64': 0.28.0
      '@esbuild/linux-mips64el': 0.28.0
      '@esbuild/linux-ppc64': 0.28.0
      '@esbuild/linux-riscv64': 0.28.0
      '@esbuild/linux-s390x': 0.28.0
      '@esbuild/linux-x64': 0.28.0
      '@esbuild/netbsd-arm64': 0.28.0
      '@esbuild/netbsd-x64': 0.28.0
      '@esbuild/openbsd-arm64': 0.28.0
      '@esbuild/openbsd-x64': 0.28.0
      '@esbuild/openharmony-arm64': 0.28.0
      '@esbuild/sunos-x64': 0.28.0
      '@esbuild/win32-arm64': 0.28.0
      '@esbuild/win32-ia32': 0.28.0
      '@esbuild/win32-x64': 0.28.0

  estree-walker@0.6.1: {}

  estree-walker@2.0.2: {}

  fast-glob@3.3.3:
    dependencies:
      '@nodelib/fs.stat': 2.0.5
      '@nodelib/fs.walk': 1.2.8
      glob-parent: 5.1.2
      merge2: 1.4.1
      micromatch: 4.0.8

  fastq@1.20.1:
    dependencies:
      reusify: 1.1.0

  fdir@6.5.0(picomatch@4.0.4):
    optionalDependencies:
      picomatch: 4.0.4

  fill-range@7.1.1:
    dependencies:
      to-regex-range: 5.0.1

  fsevents@2.3.3:
    optional: true

  function-bind@1.1.2: {}

  glob-parent@5.1.2:
    dependencies:
      is-glob: 4.0.3

  hasown@2.0.4:
    dependencies:
      function-bind: 1.1.2

  is-core-module@2.16.2:
    dependencies:
      hasown: 2.0.4

  is-extglob@2.1.1: {}

  is-glob@4.0.3:
    dependencies:
      is-extglob: 2.1.1

  is-module@1.0.0: {}

  is-number@7.0.0: {}

  is-reference@1.2.1:
    dependencies:
      '@types/estree': 1.0.9

  jstat@1.9.6: {}

  magic-string@0.30.21:
    dependencies:
      '@jridgewell/sourcemap-codec': 1.5.5

  merge2@1.4.1: {}

  micromatch@4.0.8:
    dependencies:
      braces: 3.0.3
      picomatch: 2.3.2

  path-parse@1.0.7: {}

  picomatch@2.3.2: {}

  picomatch@4.0.4: {}

  pkgroll@2.27.1(typescript@6.0.3):
    dependencies:
      '@rollup/plugin-alias': 6.0.0(rollup@4.61.0)
      '@rollup/plugin-commonjs': 29.0.3(rollup@4.61.0)
      '@rollup/plugin-dynamic-import-vars': 2.1.5(rollup@4.61.0)
      '@rollup/plugin-json': 6.1.0(rollup@4.61.0)
      '@rollup/plugin-node-resolve': 16.0.3(rollup@4.61.0)
      cjs-module-lexer: 2.2.0
      esbuild: 0.26.0
      magic-string: 0.30.21
      rollup: 4.61.0
      rollup-plugin-import-trace: 1.0.1(rollup@4.61.0)
      rollup-pluginutils: 2.8.2
      yaml: 2.9.0
    optionalDependencies:
      typescript: 6.0.3
    transitivePeerDependencies:
      - vite

  queue-microtask@1.2.3: {}

  resolve@1.22.12:
    dependencies:
      es-errors: 1.3.0
      is-core-module: 2.16.2
      path-parse: 1.0.7
      supports-preserve-symlinks-flag: 1.0.0

  reusify@1.1.0: {}

  rollup-plugin-import-trace@1.0.1(rollup@4.61.0):
    optionalDependencies:
      rollup: 4.61.0

  rollup-pluginutils@2.8.2:
    dependencies:
      estree-walker: 0.6.1

  rollup@4.61.0:
    dependencies:
      '@types/estree': 1.0.9
    optionalDependencies:
      '@rollup/rollup-android-arm-eabi': 4.61.0
      '@rollup/rollup-android-arm64': 4.61.0
      '@rollup/rollup-darwin-arm64': 4.61.0
      '@rollup/rollup-darwin-x64': 4.61.0
      '@rollup/rollup-freebsd-arm64': 4.61.0
      '@rollup/rollup-freebsd-x64': 4.61.0
      '@rollup/rollup-linux-arm-gnueabihf': 4.61.0
      '@rollup/rollup-linux-arm-musleabihf': 4.61.0
      '@rollup/rollup-linux-arm64-gnu': 4.61.0
      '@rollup/rollup-linux-arm64-musl': 4.61.0
      '@rollup/rollup-linux-loong64-gnu': 4.61.0
      '@rollup/rollup-linux-loong64-musl': 4.61.0
      '@rollup/rollup-linux-ppc64-gnu': 4.61.0
      '@rollup/rollup-linux-ppc64-musl': 4.61.0
      '@rollup/rollup-linux-riscv64-gnu': 4.61.0
      '@rollup/rollup-linux-riscv64-musl': 4.61.0
      '@rollup/rollup-linux-s390x-gnu': 4.61.0
      '@rollup/rollup-linux-x64-gnu': 4.61.0
      '@rollup/rollup-linux-x64-musl': 4.61.0
      '@rollup/rollup-openbsd-x64': 4.61.0
      '@rollup/rollup-openharmony-arm64': 4.61.0
      '@rollup/rollup-win32-arm64-msvc': 4.61.0
      '@rollup/rollup-win32-ia32-msvc': 4.61.0
      '@rollup/rollup-win32-x64-gnu': 4.61.0
      '@rollup/rollup-win32-x64-msvc': 4.61.0
      fsevents: 2.3.3

  run-parallel@1.2.0:
    dependencies:
      queue-microtask: 1.2.3

  simple-statistics@7.8.9: {}

  supports-preserve-symlinks-flag@1.0.0: {}

  technicalindicators@3.1.0:
    dependencies:
      '@types/node': 6.0.96

  to-regex-range@5.0.1:
    dependencies:
      is-number: 7.0.0

  tsx@4.22.4:
    dependencies:
      esbuild: 0.28.0
    optionalDependencies:
      fsevents: 2.3.3

  typescript@6.0.3: {}

  undici-types@7.24.6:
    optional: true

  yaml@2.9.0: {}
